Microsoft Visual Studio Solution File, Format Version 11.00
# Visual Studio 2008

Project("{47E16E2F-B51B-F22D-9247-86132C723440}") = "MS-SDK1.2", "Assembly-CSharp-firstpass-vs.csproj", "{136EE2BB-5073-34E8-DC15-A1D8E2DEDDF8}"
EndProject
Project("{47E16E2F-B51B-F22D-9247-86132C723440}") = "MS-SDK1.2", "Assembly-CSharp-vs.csproj", "{58B4D8A4-4948-C91D-9E81-44E4D7C2D816}"
EndProject
Global
	GlobalSection(SolutionConfigurationPlatforms) = preSolution
		Debug|Any CPU = Debug|Any CPU
		Release|Any CPU = Release|Any CPU
	EndGlobalSection
	GlobalSection(ProjectConfigurationPlatforms) = postSolution
		{136EE2BB-5073-34E8-DC15-A1D8E2DEDDF8}.Debug|Any CPU.ActiveCfg = Debug|Any CPU
		{136EE2BB-5073-34E8-DC15-A1D8E2DEDDF8}.Debug|Any CPU.Build.0 = Debug|Any CPU
		{136EE2BB-5073-34E8-DC15-A1D8E2DEDDF8}.Release|Any CPU.ActiveCfg = Release|Any CPU
		{136EE2BB-5073-34E8-DC15-A1D8E2DEDDF8}.Release|Any CPU.Build.0 = Release|Any CPU
		{58B4D8A4-4948-C91D-9E81-44E4D7C2D816}.Debug|Any CPU.ActiveCfg = Debug|Any CPU
		{58B4D8A4-4948-C91D-9E81-44E4D7C2D816}.Debug|Any CPU.Build.0 = Debug|Any CPU
		{58B4D8A4-4948-C91D-9E81-44E4D7C2D816}.Release|Any CPU.ActiveCfg = Release|Any CPU
		{58B4D8A4-4948-C91D-9E81-44E4D7C2D816}.Release|Any CPU.Build.0 = Release|Any CPU
	EndGlobalSection
	GlobalSection(SolutionProperties) = preSolution
		HideSolutionNode = FALSE
	EndGlobalSection
																																																																																																																																																																					GlobalSection(MonoDevelopProperties) = preSolution
		StartupItem = Assembly-CSharp.csproj
		Policies = $0
		$0.TextStylePolicy = $1
		$1.inheritsSet = null
		$1.scope = text/x-csharp
		$0.CSharpFormattingPolicy = $2
		$2.inheritsSet = Mono
		$2.inheritsScope = text/x-csharp
		$2.scope = text/x-csharp
		$0.TextStylePolicy = $3
		$3.FileWidth = 120
		$3.TabWidth = 4
		$3.EolMarker = Unix
		$3.inheritsSet = Mono
		$3.inheritsScope = text/plain
		$3.scope = text/plain
	EndGlobalSection

EndGlobal
